{
  "projects": [
    {
      "projectId": "5LS7fmWpTWNVfuRHg1A41M",
      "version": "latest",
      "dependencies": {},
      "lang": "ts",
      "fileLocks": [
        {
          "type": "globalVariant",
          "assetId": "_dxB5PRPC7sP",
          "checksum": "f99bb9e51e5706843f65848174410c2c"
        },
        {
          "type": "renderModule",
          "assetId": "yc_bB036aWMV",
          "checksum": "558ddb95e8f342943ba77a518b2d10db"
        },
        {
          "type": "cssRules",
          "assetId": "yc_bB036aWMV",
          "checksum": "558ddb95e8f342943ba77a518b2d10db"
        },
        {
          "assetId": "5LS7fmWpTWNVfuRHg1A41M",
          "type": "projectCss",
          "checksum": "b1ba24cf061aa4e3176fa0b9f68a6fe4"
        }
      ],
      "codegenVersion": "0.0.1"
    }
  ],
  "cliVersion": "0.1.331"
}
